
Microsoft Visual Studio Solution File, Format Version 12.00
# Visual Studio Version 16
VisualStudioVersion = 16.0.29806.167
MinimumVisualStudioVersion = 10.0.40219.1
Project("{9A19103F-16F7-4668-BE54-9A1E7A4F7556}") = "Web", "Web\Web.csproj", "{DA925968-1D01-413B-A418-FFF970A9ABD6}"
EndProject
Project("{2150E333-8FDC-42A3-9474-1A3956D46DE8}") = "Docs", "Docs", "{839F45F2-9A8A-4B5E-A3F0-EB504695F542}"
	ProjectSection(SolutionItems) = preProject
		..\README.md = ..\README.md
		Readme.txt = Readme.txt
	EndProjectSection
EndProject
Project("{9A19103F-16F7-4668-BE54-9A1E7A4F7556}") = "Tests", "Tests\Tests.csproj", "{965175CF-1278-431A-8CED-B011DE7633FD}"
EndProject
Project("{9A19103F-16F7-4668-BE54-9A1E7A4F7556}") = "Application", "Application\Application.csproj", "{1251134C-8B54-46FF-935A-C34B35E57A5F}"
EndProject
Project("{9A19103F-16F7-4668-BE54-9A1E7A4F7556}") = "Domain", "Domain\Domain.csproj", "{DED19868-4B7E-49F9-989B-F57B839CE204}"
EndProject
Project("{9A19103F-16F7-4668-BE54-9A1E7A4F7556}") = "Infrastructure.Data", "Infrastructure.Data\Infrastructure.Data.csproj", "{26901C70-C2F3-4884-90E9-D80AF2DFE2F2}"
EndProject
Project("{9A19103F-16F7-4668-BE54-9A1E7A4F7556}") = "Infrastructure.DomainEvents", "Infrastructure.DomainEvents\Infrastructure.DomainEvents.csproj", "{F70FA1AB-D4DF-43F5-8FD7-5BB602D1D8C1}"
EndProject
Project("{9A19103F-16F7-4668-BE54-9A1E7A4F7556}") = "IDP", "IDP\IDP.csproj", "{865CA3AC-70C5-4692-8DFC-71CA77E6B891}"
EndProject
Project("{9A19103F-16F7-4668-BE54-9A1E7A4F7556}") = "API", "API\API.csproj", "{9DE49AF4-0851-4BB8-8CB5-11DEC9A9B29A}"
EndProject
Project("{9A19103F-16F7-4668-BE54-9A1E7A4F7556}") = "SharedWouldBeNugets", "SharedWouldBeNugets\SharedWouldBeNugets.csproj", "{FD0B482C-78FB-4564-8003-A752BB12350F}"
EndProject
Project("{9A19103F-16F7-4668-BE54-9A1E7A4F7556}") = "API.Shared", "API.Shared\API.Shared.csproj", "{7BCE0089-CB83-421F-8FA6-4B699C808F62}"
EndProject
Project("{9A19103F-16F7-4668-BE54-9A1E7A4F7556}") = "APIOPEN", "APIOPEN\APIOPEN.csproj", "{3C43C1DC-B52B-4AA0-B283-A4E70FE42719}"
EndProject
Global
	GlobalSection(SolutionConfigurationPlatforms) = preSolution
		Debug|Any CPU = Debug|Any CPU
		Release|Any CPU = Release|Any CPU
	EndGlobalSection
	GlobalSection(ProjectConfigurationPlatforms) = postSolution
		{DA925968-1D01-413B-A418-FFF970A9ABD6}.Debug|Any CPU.ActiveCfg = Debug|Any CPU
		{DA925968-1D01-413B-A418-FFF970A9ABD6}.Debug|Any CPU.Build.0 = Debug|Any CPU
		{DA925968-1D01-413B-A418-FFF970A9ABD6}.Release|Any CPU.ActiveCfg = Release|Any CPU
		{DA925968-1D01-413B-A418-FFF970A9ABD6}.Release|Any CPU.Build.0 = Release|Any CPU
		{965175CF-1278-431A-8CED-B011DE7633FD}.Debug|Any CPU.ActiveCfg = Debug|Any CPU
		{965175CF-1278-431A-8CED-B011DE7633FD}.Debug|Any CPU.Build.0 = Debug|Any CPU
		{965175CF-1278-431A-8CED-B011DE7633FD}.Release|Any CPU.ActiveCfg = Release|Any CPU
		{965175CF-1278-431A-8CED-B011DE7633FD}.Release|Any CPU.Build.0 = Release|Any CPU
		{1251134C-8B54-46FF-935A-C34B35E57A5F}.Debug|Any CPU.ActiveCfg = Debug|Any CPU
		{1251134C-8B54-46FF-935A-C34B35E57A5F}.Debug|Any CPU.Build.0 = Debug|Any CPU
		{1251134C-8B54-46FF-935A-C34B35E57A5F}.Release|Any CPU.ActiveCfg = Release|Any CPU
		{1251134C-8B54-46FF-935A-C34B35E57A5F}.Release|Any CPU.Build.0 = Release|Any CPU
		{DED19868-4B7E-49F9-989B-F57B839CE204}.Debug|Any CPU.ActiveCfg = Debug|Any CPU
		{DED19868-4B7E-49F9-989B-F57B839CE204}.Debug|Any CPU.Build.0 = Debug|Any CPU
		{DED19868-4B7E-49F9-989B-F57B839CE204}.Release|Any CPU.ActiveCfg = Release|Any CPU
		{DED19868-4B7E-49F9-989B-F57B839CE204}.Release|Any CPU.Build.0 = Release|Any CPU
		{26901C70-C2F3-4884-90E9-D80AF2DFE2F2}.Debug|Any CPU.ActiveCfg = Debug|Any CPU
		{26901C70-C2F3-4884-90E9-D80AF2DFE2F2}.Debug|Any CPU.Build.0 = Debug|Any CPU
		{26901C70-C2F3-4884-90E9-D80AF2DFE2F2}.Release|Any CPU.ActiveCfg = Release|Any CPU
		{26901C70-C2F3-4884-90E9-D80AF2DFE2F2}.Release|Any CPU.Build.0 = Release|Any CPU
		{F70FA1AB-D4DF-43F5-8FD7-5BB602D1D8C1}.Debug|Any CPU.ActiveCfg = Debug|Any CPU
		{F70FA1AB-D4DF-43F5-8FD7-5BB602D1D8C1}.Debug|Any CPU.Build.0 = Debug|Any CPU
		{F70FA1AB-D4DF-43F5-8FD7-5BB602D1D8C1}.Release|Any CPU.ActiveCfg = Release|Any CPU
		{F70FA1AB-D4DF-43F5-8FD7-5BB602D1D8C1}.Release|Any CPU.Build.0 = Release|Any CPU
		{865CA3AC-70C5-4692-8DFC-71CA77E6B891}.Debug|Any CPU.ActiveCfg = Debug|Any CPU
		{865CA3AC-70C5-4692-8DFC-71CA77E6B891}.Debug|Any CPU.Build.0 = Debug|Any CPU
		{865CA3AC-70C5-4692-8DFC-71CA77E6B891}.Release|Any CPU.ActiveCfg = Release|Any CPU
		{865CA3AC-70C5-4692-8DFC-71CA77E6B891}.Release|Any CPU.Build.0 = Release|Any CPU
		{9DE49AF4-0851-4BB8-8CB5-11DEC9A9B29A}.Debug|Any CPU.ActiveCfg = Debug|Any CPU
		{9DE49AF4-0851-4BB8-8CB5-11DEC9A9B29A}.Debug|Any CPU.Build.0 = Debug|Any CPU
		{9DE49AF4-0851-4BB8-8CB5-11DEC9A9B29A}.Release|Any CPU.ActiveCfg = Release|Any CPU
		{9DE49AF4-0851-4BB8-8CB5-11DEC9A9B29A}.Release|Any CPU.Build.0 = Release|Any CPU
		{FD0B482C-78FB-4564-8003-A752BB12350F}.Debug|Any CPU.ActiveCfg = Debug|Any CPU
		{FD0B482C-78FB-4564-8003-A752BB12350F}.Debug|Any CPU.Build.0 = Debug|Any CPU
		{FD0B482C-78FB-4564-8003-A752BB12350F}.Release|Any CPU.ActiveCfg = Release|Any CPU
		{FD0B482C-78FB-4564-8003-A752BB12350F}.Release|Any CPU.Build.0 = Release|Any CPU
		{7BCE0089-CB83-421F-8FA6-4B699C808F62}.Debug|Any CPU.ActiveCfg = Debug|Any CPU
		{7BCE0089-CB83-421F-8FA6-4B699C808F62}.Debug|Any CPU.Build.0 = Debug|Any CPU
		{7BCE0089-CB83-421F-8FA6-4B699C808F62}.Release|Any CPU.ActiveCfg = Release|Any CPU
		{7BCE0089-CB83-421F-8FA6-4B699C808F62}.Release|Any CPU.Build.0 = Release|Any CPU
		{3C43C1DC-B52B-4AA0-B283-A4E70FE42719}.Debug|Any CPU.ActiveCfg = Debug|Any CPU
		{3C43C1DC-B52B-4AA0-B283-A4E70FE42719}.Debug|Any CPU.Build.0 = Debug|Any CPU
		{3C43C1DC-B52B-4AA0-B283-A4E70FE42719}.Release|Any CPU.ActiveCfg = Release|Any CPU
		{3C43C1DC-B52B-4AA0-B283-A4E70FE42719}.Release|Any CPU.Build.0 = Release|Any CPU
	EndGlobalSection
	GlobalSection(SolutionProperties) = preSolution
		HideSolutionNode = FALSE
	EndGlobalSection
	GlobalSection(ExtensibilityGlobals) = postSolution
		SolutionGuid = {C53F13FD-37E6-4BEA-AEE8-24F7E46CE5EC}
	EndGlobalSection
EndGlobal
